
Microsoft Visual Studio Solution File, Format Version 12.00
# Visual Studio Version 16
VisualStudioVersion = 16.0.30907.101
MinimumVisualStudioVersion = 10.0.40219.1
Project("{FAE04EC0-301F-11D3-BF4B-00C04F79EFBC}") = "ITVitae, Tafeltester", "ITVitae, Tafeltester\ITVitae, Tafeltester.csproj", "{F1F91B14-EDC9-410D-8293-136C13547DA6}"
EndProject
Global
	GlobalSection(SolutionConfigurationPlatforms) = preSolution
		Debug|Any CPU = Debug|Any CPU
		Release|Any CPU = Release|Any CPU
	EndGlobalSection
	GlobalSection(ProjectConfigurationPlatforms) = postSolution
		{F1F91B14-EDC9-410D-8293-136C13547DA6}.Debug|Any CPU.ActiveCfg = Debug|Any CPU
		{F1F91B14-EDC9-410D-8293-136C13547DA6}.Debug|Any CPU.Build.0 = Debug|Any CPU
		{F1F91B14-EDC9-410D-8293-136C13547DA6}.Release|Any CPU.ActiveCfg = Release|Any CPU
		{F1F91B14-EDC9-410D-8293-136C13547DA6}.Release|Any CPU.Build.0 = Release|Any CPU
	EndGlobalSection
	GlobalSection(SolutionProperties) = preSolution
		HideSolutionNode = FALSE
	EndGlobalSection
	GlobalSection(ExtensibilityGlobals) = postSolution
		SolutionGuid = {327AC1C9-4F66-4B44-9509-7BA8526EC660}
	EndGlobalSection
EndGlobal
